
Microsoft Visual Studio Solution File, Format Version 12.00
# Visual Studio Version 17
VisualStudioVersion = 17.9.34723.18
MinimumVisualStudioVersion = 10.0.40219.1
Project("{FAE04EC0-301F-11D3-BF4B-00C04F79EFBC}") = "Prog120_S24_L5_Conditions", "Prog120_S24_L5_Conditions.csproj", "{B6201C42-ACB1-47A5-99E7-49876D80986A}"
EndProject
Global
	GlobalSection(SolutionConfigurationPlatforms) = preSolution
		Debug|Any CPU = Debug|Any CPU
		Release|Any CPU = Release|Any CPU
	EndGlobalSection
	GlobalSection(ProjectConfigurationPlatforms) = postSolution
		{B6201C42-ACB1-47A5-99E7-49876D80986A}.Debug|Any CPU.ActiveCfg = Debug|Any CPU
		{B6201C42-ACB1-47A5-99E7-49876D80986A}.Debug|Any CPU.Build.0 = Debug|Any CPU
		{B6201C42-ACB1-47A5-99E7-49876D80986A}.Release|Any CPU.ActiveCfg = Release|Any CPU
		{B6201C42-ACB1-47A5-99E7-49876D80986A}.Release|Any CPU.Build.0 = Release|Any CPU
	EndGlobalSection
	GlobalSection(SolutionProperties) = preSolution
		HideSolutionNode = FALSE
	EndGlobalSection
	GlobalSection(ExtensibilityGlobals) = postSolution
		SolutionGuid = {07FC39BB-A5EB-4422-92C9-D149FB975B89}
	EndGlobalSection
EndGlobal
